
Microsoft Visual Studio Solution File, Format Version 12.00
# Visual Studio Version 17
VisualStudioVersion = 17.7.34031.279
MinimumVisualStudioVersion = 10.0.40219.1
Project("{8BC9CEB8-8B4A-11D0-8D11-00A0C91BC942}") = "DemoGlut", "Source\DemoGlut\DemoGlut.vcxproj", "{830CBFC1-971D-4DC1-A550-80829CCB1014}"
EndProject
Global
	GlobalSection(SolutionConfigurationPlatforms) = preSolution
		Debug|x64 = Debug|x64
		Debug|x86 = Debug|x86
		Release|x64 = Release|x64
		Release|x86 = Release|x86
	EndGlobalSection
	GlobalSection(ProjectConfigurationPlatforms) = postSolution
		{830CBFC1-971D-4DC1-A550-80829CCB1014}.Debug|x64.ActiveCfg = Debug|x64
		{830CBFC1-971D-4DC1-A550-80829CCB1014}.Debug|x64.Build.0 = Debug|x64
		{830CBFC1-971D-4DC1-A550-80829CCB1014}.Debug|x86.ActiveCfg = Debug|Win32
		{830CBFC1-971D-4DC1-A550-80829CCB1014}.Debug|x86.Build.0 = Debug|Win32
		{830CBFC1-971D-4DC1-A550-80829CCB1014}.Release|x64.ActiveCfg = Release|x64
		{830CBFC1-971D-4DC1-A550-80829CCB1014}.Release|x64.Build.0 = Release|x64
		{830CBFC1-971D-4DC1-A550-80829CCB1014}.Release|x86.ActiveCfg = Release|Win32
		{830CBFC1-971D-4DC1-A550-80829CCB1014}.Release|x86.Build.0 = Release|Win32
		{6FA5308B-D0A7-43A7-B2C2-C24F1C5C48B3}.Debug|x64.ActiveCfg = Debug|x64
		{6FA5308B-D0A7-43A7-B2C2-C24F1C5C48B3}.Debug|x64.Build.0 = Debug|x64
		{6FA5308B-D0A7-43A7-B2C2-C24F1C5C48B3}.Debug|x86.ActiveCfg = Debug|Win32
		{6FA5308B-D0A7-43A7-B2C2-C24F1C5C48B3}.Debug|x86.Build.0 = Debug|Win32
		{6FA5308B-D0A7-43A7-B2C2-C24F1C5C48B3}.Release|x64.ActiveCfg = Release|x64
		{6FA5308B-D0A7-43A7-B2C2-C24F1C5C48B3}.Release|x64.Build.0 = Release|x64
		{6FA5308B-D0A7-43A7-B2C2-C24F1C5C48B3}.Release|x86.ActiveCfg = Release|Win32
		{6FA5308B-D0A7-43A7-B2C2-C24F1C5C48B3}.Release|x86.Build.0 = Release|Win32
	EndGlobalSection
	GlobalSection(SolutionProperties) = preSolution
		HideSolutionNode = FALSE
	EndGlobalSection
	GlobalSection(ExtensibilityGlobals) = postSolution
		SolutionGuid = {A167A19B-7753-4260-8012-34DCF2CF41E5}
	EndGlobalSection
EndGlobal
